### YamlMime:ManagedReference
items:
- uid: CompactExifLib.ImageFileBlock
  commentId: T:CompactExifLib.ImageFileBlock
  id: ImageFileBlock
  parent: CompactExifLib
  children:
  - CompactExifLib.ImageFileBlock.Exif
  - CompactExifLib.ImageFileBlock.Iptc
  - CompactExifLib.ImageFileBlock.JpegComment
  - CompactExifLib.ImageFileBlock.PngDateChanged
  - CompactExifLib.ImageFileBlock.PngMetaData
  - CompactExifLib.ImageFileBlock.Unknown
  - CompactExifLib.ImageFileBlock.Xmp
  langs:
  - csharp
  - vb
  name: ImageFileBlock
  nameWithType: ImageFileBlock
  fullName: CompactExifLib.ImageFileBlock
  type: Enum
  source:
    remote:
      path: VintagestoryApi/Util/ExifData.cs
      branch: 2664deba8b6ad7ad83a79ce9549f90bdec2d7046
      repo: https://gitlab-ci-token:glcbt-64_XrbGJXQUv2yYeXx8TzYt@git.striver.net/vintagecraft/game.git
    id: ImageFileBlock
    path: Util/ExifData.cs
    startLine: 4446
  assemblies:
  - VintagestoryAPI
  namespace: CompactExifLib
  syntax:
    content: public enum ImageFileBlock
    content.vb: Public Enum ImageFileBlock
- uid: CompactExifLib.ImageFileBlock.Unknown
  commentId: F:CompactExifLib.ImageFileBlock.Unknown
  id: Unknown
  parent: CompactExifLib.ImageFileBlock
  langs:
  - csharp
  - vb
  name: Unknown
  nameWithType: ImageFileBlock.Unknown
  fullName: CompactExifLib.ImageFileBlock.Unknown
  type: Field
  source:
    remote:
      path: VintagestoryApi/Util/ExifData.cs
      branch: 2664deba8b6ad7ad83a79ce9549f90bdec2d7046
      repo: https://gitlab-ci-token:glcbt-64_XrbGJXQUv2yYeXx8TzYt@git.striver.net/vintagecraft/game.git
    id: Unknown
    path: Util/ExifData.cs
    startLine: 4449
  assemblies:
  - VintagestoryAPI
  namespace: CompactExifLib
  syntax:
    content: Unknown = 0
    return:
      type: CompactExifLib.ImageFileBlock
- uid: CompactExifLib.ImageFileBlock.Exif
  commentId: F:CompactExifLib.ImageFileBlock.Exif
  id: Exif
  parent: CompactExifLib.ImageFileBlock
  langs:
  - csharp
  - vb
  name: Exif
  nameWithType: ImageFileBlock.Exif
  fullName: CompactExifLib.ImageFileBlock.Exif
  type: Field
  source:
    remote:
      path: VintagestoryApi/Util/ExifData.cs
      branch: 2664deba8b6ad7ad83a79ce9549f90bdec2d7046
      repo: https://gitlab-ci-token:glcbt-64_XrbGJXQUv2yYeXx8TzYt@git.striver.net/vintagecraft/game.git
    id: Exif
    path: Util/ExifData.cs
    startLine: 4450
  assemblies:
  - VintagestoryAPI
  namespace: CompactExifLib
  syntax:
    content: Exif = 1
    return:
      type: CompactExifLib.ImageFileBlock
- uid: CompactExifLib.ImageFileBlock.Iptc
  commentId: F:CompactExifLib.ImageFileBlock.Iptc
  id: Iptc
  parent: CompactExifLib.ImageFileBlock
  langs:
  - csharp
  - vb
  name: Iptc
  nameWithType: ImageFileBlock.Iptc
  fullName: CompactExifLib.ImageFileBlock.Iptc
  type: Field
  source:
    remote:
      path: VintagestoryApi/Util/ExifData.cs
      branch: 2664deba8b6ad7ad83a79ce9549f90bdec2d7046
      repo: https://gitlab-ci-token:glcbt-64_XrbGJXQUv2yYeXx8TzYt@git.striver.net/vintagecraft/game.git
    id: Iptc
    path: Util/ExifData.cs
    startLine: 4451
  assemblies:
  - VintagestoryAPI
  namespace: CompactExifLib
  syntax:
    content: Iptc = 2
    return:
      type: CompactExifLib.ImageFileBlock
- uid: CompactExifLib.ImageFileBlock.Xmp
  commentId: F:CompactExifLib.ImageFileBlock.Xmp
  id: Xmp
  parent: CompactExifLib.ImageFileBlock
  langs:
  - csharp
  - vb
  name: Xmp
  nameWithType: ImageFileBlock.Xmp
  fullName: CompactExifLib.ImageFileBlock.Xmp
  type: Field
  source:
    remote:
      path: VintagestoryApi/Util/ExifData.cs
      branch: 2664deba8b6ad7ad83a79ce9549f90bdec2d7046
      repo: https://gitlab-ci-token:glcbt-64_XrbGJXQUv2yYeXx8TzYt@git.striver.net/vintagecraft/game.git
    id: Xmp
    path: Util/ExifData.cs
    startLine: 4452
  assemblies:
  - VintagestoryAPI
  namespace: CompactExifLib
  syntax:
    content: Xmp = 3
    return:
      type: CompactExifLib.ImageFileBlock
- uid: CompactExifLib.ImageFileBlock.JpegComment
  commentId: F:CompactExifLib.ImageFileBlock.JpegComment
  id: JpegComment
  parent: CompactExifLib.ImageFileBlock
  langs:
  - csharp
  - vb
  name: JpegComment
  nameWithType: ImageFileBlock.JpegComment
  fullName: CompactExifLib.ImageFileBlock.JpegComment
  type: Field
  source:
    remote:
      path: VintagestoryApi/Util/ExifData.cs
      branch: 2664deba8b6ad7ad83a79ce9549f90bdec2d7046
      repo: https://gitlab-ci-token:glcbt-64_XrbGJXQUv2yYeXx8TzYt@git.striver.net/vintagecraft/game.git
    id: JpegComment
    path: Util/ExifData.cs
    startLine: 4453
  assemblies:
  - VintagestoryAPI
  namespace: CompactExifLib
  syntax:
    content: JpegComment = 4
    return:
      type: CompactExifLib.ImageFileBlock
- uid: CompactExifLib.ImageFileBlock.PngMetaData
  commentId: F:CompactExifLib.ImageFileBlock.PngMetaData
  id: PngMetaData
  parent: CompactExifLib.ImageFileBlock
  langs:
  - csharp
  - vb
  name: PngMetaData
  nameWithType: ImageFileBlock.PngMetaData
  fullName: CompactExifLib.ImageFileBlock.PngMetaData
  type: Field
  source:
    remote:
      path: VintagestoryApi/Util/ExifData.cs
      branch: 2664deba8b6ad7ad83a79ce9549f90bdec2d7046
      repo: https://gitlab-ci-token:glcbt-64_XrbGJXQUv2yYeXx8TzYt@git.striver.net/vintagecraft/game.git
    id: PngMetaData
    path: Util/ExifData.cs
    startLine: 4454
  assemblies:
  - VintagestoryAPI
  namespace: CompactExifLib
  syntax:
    content: PngMetaData = 5
    return:
      type: CompactExifLib.ImageFileBlock
- uid: CompactExifLib.ImageFileBlock.PngDateChanged
  commentId: F:CompactExifLib.ImageFileBlock.PngDateChanged
  id: PngDateChanged
  parent: CompactExifLib.ImageFileBlock
  langs:
  - csharp
  - vb
  name: PngDateChanged
  nameWithType: ImageFileBlock.PngDateChanged
  fullName: CompactExifLib.ImageFileBlock.PngDateChanged
  type: Field
  source:
    remote:
      path: VintagestoryApi/Util/ExifData.cs
      branch: 2664deba8b6ad7ad83a79ce9549f90bdec2d7046
      repo: https://gitlab-ci-token:glcbt-64_XrbGJXQUv2yYeXx8TzYt@git.striver.net/vintagecraft/game.git
    id: PngDateChanged
    path: Util/ExifData.cs
    startLine: 4455
  assemblies:
  - VintagestoryAPI
  namespace: CompactExifLib
  syntax:
    content: PngDateChanged = 6
    return:
      type: CompactExifLib.ImageFileBlock
references:
- uid: CompactExifLib
  commentId: N:CompactExifLib
  href: CompactExifLib.html
  name: CompactExifLib
  nameWithType: CompactExifLib
  fullName: CompactExifLib
- uid: CompactExifLib.ImageFileBlock
  commentId: T:CompactExifLib.ImageFileBlock
  parent: CompactExifLib
  href: CompactExifLib.ImageFileBlock.html
  name: ImageFileBlock
  nameWithType: ImageFileBlock
  fullName: CompactExifLib.ImageFileBlock
