### YamlMime:ManagedReference
items:
- uid: CompactExifLib.ImageFileBlock
  commentId: T:CompactExifLib.ImageFileBlock
  id: ImageFileBlock
  parent: CompactExifLib
  children:
  - CompactExifLib.ImageFileBlock.Exif
  - CompactExifLib.ImageFileBlock.Iptc
  - CompactExifLib.ImageFileBlock.JpegComment
  - CompactExifLib.ImageFileBlock.PngDateChanged
  - CompactExifLib.ImageFileBlock.PngMetaData
  - CompactExifLib.ImageFileBlock.Unknown
  - CompactExifLib.ImageFileBlock.Xmp
  langs:
  - csharp
  - vb
  name: ImageFileBlock
  nameWithType: ImageFileBlock
  fullName: CompactExifLib.ImageFileBlock
  type: Enum
  assemblies:
  - VintagestoryAPI
  namespace: CompactExifLib
  syntax:
    content: public enum ImageFileBlock
    content.vb: Public Enum ImageFileBlock
  extensionMethods:
  - System.Object.Vintagestory.API.Util.ObjectHandleExtensions.ToGcHandle
  - System.Object.Vintagestory.API.Util.ObjectHandleExtensions.ToIntPtr
- uid: CompactExifLib.ImageFileBlock.Unknown
  commentId: F:CompactExifLib.ImageFileBlock.Unknown
  id: Unknown
  parent: CompactExifLib.ImageFileBlock
  langs:
  - csharp
  - vb
  name: Unknown
  nameWithType: ImageFileBlock.Unknown
  fullName: CompactExifLib.ImageFileBlock.Unknown
  type: Field
  assemblies:
  - VintagestoryAPI
  namespace: CompactExifLib
  syntax:
    content: Unknown = 0
    return:
      type: CompactExifLib.ImageFileBlock
- uid: CompactExifLib.ImageFileBlock.Exif
  commentId: F:CompactExifLib.ImageFileBlock.Exif
  id: Exif
  parent: CompactExifLib.ImageFileBlock
  langs:
  - csharp
  - vb
  name: Exif
  nameWithType: ImageFileBlock.Exif
  fullName: CompactExifLib.ImageFileBlock.Exif
  type: Field
  assemblies:
  - VintagestoryAPI
  namespace: CompactExifLib
  syntax:
    content: Exif = 1
    return:
      type: CompactExifLib.ImageFileBlock
- uid: CompactExifLib.ImageFileBlock.Iptc
  commentId: F:CompactExifLib.ImageFileBlock.Iptc
  id: Iptc
  parent: CompactExifLib.ImageFileBlock
  langs:
  - csharp
  - vb
  name: Iptc
  nameWithType: ImageFileBlock.Iptc
  fullName: CompactExifLib.ImageFileBlock.Iptc
  type: Field
  assemblies:
  - VintagestoryAPI
  namespace: CompactExifLib
  syntax:
    content: Iptc = 2
    return:
      type: CompactExifLib.ImageFileBlock
- uid: CompactExifLib.ImageFileBlock.Xmp
  commentId: F:CompactExifLib.ImageFileBlock.Xmp
  id: Xmp
  parent: CompactExifLib.ImageFileBlock
  langs:
  - csharp
  - vb
  name: Xmp
  nameWithType: ImageFileBlock.Xmp
  fullName: CompactExifLib.ImageFileBlock.Xmp
  type: Field
  assemblies:
  - VintagestoryAPI
  namespace: CompactExifLib
  syntax:
    content: Xmp = 3
    return:
      type: CompactExifLib.ImageFileBlock
- uid: CompactExifLib.ImageFileBlock.JpegComment
  commentId: F:CompactExifLib.ImageFileBlock.JpegComment
  id: JpegComment
  parent: CompactExifLib.ImageFileBlock
  langs:
  - csharp
  - vb
  name: JpegComment
  nameWithType: ImageFileBlock.JpegComment
  fullName: CompactExifLib.ImageFileBlock.JpegComment
  type: Field
  assemblies:
  - VintagestoryAPI
  namespace: CompactExifLib
  syntax:
    content: JpegComment = 4
    return:
      type: CompactExifLib.ImageFileBlock
- uid: CompactExifLib.ImageFileBlock.PngMetaData
  commentId: F:CompactExifLib.ImageFileBlock.PngMetaData
  id: PngMetaData
  parent: CompactExifLib.ImageFileBlock
  langs:
  - csharp
  - vb
  name: PngMetaData
  nameWithType: ImageFileBlock.PngMetaData
  fullName: CompactExifLib.ImageFileBlock.PngMetaData
  type: Field
  assemblies:
  - VintagestoryAPI
  namespace: CompactExifLib
  syntax:
    content: PngMetaData = 5
    return:
      type: CompactExifLib.ImageFileBlock
- uid: CompactExifLib.ImageFileBlock.PngDateChanged
  commentId: F:CompactExifLib.ImageFileBlock.PngDateChanged
  id: PngDateChanged
  parent: CompactExifLib.ImageFileBlock
  langs:
  - csharp
  - vb
  name: PngDateChanged
  nameWithType: ImageFileBlock.PngDateChanged
  fullName: CompactExifLib.ImageFileBlock.PngDateChanged
  type: Field
  assemblies:
  - VintagestoryAPI
  namespace: CompactExifLib
  syntax:
    content: PngDateChanged = 6
    return:
      type: CompactExifLib.ImageFileBlock
references:
- uid: CompactExifLib
  commentId: N:CompactExifLib
  href: CompactExifLib.html
  name: CompactExifLib
  nameWithType: CompactExifLib
  fullName: CompactExifLib
- uid: System.Object.Vintagestory.API.Util.ObjectHandleExtensions.ToGcHandle
  commentId: M:Vintagestory.API.Util.ObjectHandleExtensions.ToGcHandle(System.Object)
  parent: Vintagestory.API.Util.ObjectHandleExtensions
  definition: Vintagestory.API.Util.ObjectHandleExtensions.ToGcHandle(System.Object)
  href: Vintagestory.API.Util.ObjectHandleExtensions.html#Vintagestory_API_Util_ObjectHandleExtensions_ToGcHandle_System_Object_
  name: ToGcHandle(object)
  nameWithType: ObjectHandleExtensions.ToGcHandle(object)
  fullName: Vintagestory.API.Util.ObjectHandleExtensions.ToGcHandle(object)
  nameWithType.vb: ObjectHandleExtensions.ToGcHandle(Object)
  fullName.vb: Vintagestory.API.Util.ObjectHandleExtensions.ToGcHandle(Object)
  name.vb: ToGcHandle(Object)
  spec.csharp:
  - uid: Vintagestory.API.Util.ObjectHandleExtensions.ToGcHandle(System.Object)
    name: ToGcHandle
    href: Vintagestory.API.Util.ObjectHandleExtensions.html#Vintagestory_API_Util_ObjectHandleExtensions_ToGcHandle_System_Object_
  - name: (
  - uid: System.Object
    name: object
    isExternal: true
    href: https://learn.microsoft.com/dotnet/api/system.object
  - name: )
  spec.vb:
  - uid: Vintagestory.API.Util.ObjectHandleExtensions.ToGcHandle(System.Object)
    name: ToGcHandle
    href: Vintagestory.API.Util.ObjectHandleExtensions.html#Vintagestory_API_Util_ObjectHandleExtensions_ToGcHandle_System_Object_
  - name: (
  - uid: System.Object
    name: Object
    isExternal: true
    href: https://learn.microsoft.com/dotnet/api/system.object
  - name: )
- uid: System.Object.Vintagestory.API.Util.ObjectHandleExtensions.ToIntPtr
  commentId: M:Vintagestory.API.Util.ObjectHandleExtensions.ToIntPtr(System.Object)
  parent: Vintagestory.API.Util.ObjectHandleExtensions
  definition: Vintagestory.API.Util.ObjectHandleExtensions.ToIntPtr(System.Object)
  href: Vintagestory.API.Util.ObjectHandleExtensions.html#Vintagestory_API_Util_ObjectHandleExtensions_ToIntPtr_System_Object_
  name: ToIntPtr(object)
  nameWithType: ObjectHandleExtensions.ToIntPtr(object)
  fullName: Vintagestory.API.Util.ObjectHandleExtensions.ToIntPtr(object)
  nameWithType.vb: ObjectHandleExtensions.ToIntPtr(Object)
  fullName.vb: Vintagestory.API.Util.ObjectHandleExtensions.ToIntPtr(Object)
  name.vb: ToIntPtr(Object)
  spec.csharp:
  - uid: Vintagestory.API.Util.ObjectHandleExtensions.ToIntPtr(System.Object)
    name: ToIntPtr
    href: Vintagestory.API.Util.ObjectHandleExtensions.html#Vintagestory_API_Util_ObjectHandleExtensions_ToIntPtr_System_Object_
  - name: (
  - uid: System.Object
    name: object
    isExternal: true
    href: https://learn.microsoft.com/dotnet/api/system.object
  - name: )
  spec.vb:
  - uid: Vintagestory.API.Util.ObjectHandleExtensions.ToIntPtr(System.Object)
    name: ToIntPtr
    href: Vintagestory.API.Util.ObjectHandleExtensions.html#Vintagestory_API_Util_ObjectHandleExtensions_ToIntPtr_System_Object_
  - name: (
  - uid: System.Object
    name: Object
    isExternal: true
    href: https://learn.microsoft.com/dotnet/api/system.object
  - name: )
- uid: Vintagestory.API.Util.ObjectHandleExtensions.ToGcHandle(System.Object)
  commentId: M:Vintagestory.API.Util.ObjectHandleExtensions.ToGcHandle(System.Object)
  isExternal: true
  href: Vintagestory.API.Util.ObjectHandleExtensions.html#Vintagestory_API_Util_ObjectHandleExtensions_ToGcHandle_System_Object_
  name: ToGcHandle(object)
  nameWithType: ObjectHandleExtensions.ToGcHandle(object)
  fullName: Vintagestory.API.Util.ObjectHandleExtensions.ToGcHandle(object)
  nameWithType.vb: ObjectHandleExtensions.ToGcHandle(Object)
  fullName.vb: Vintagestory.API.Util.ObjectHandleExtensions.ToGcHandle(Object)
  name.vb: ToGcHandle(Object)
  spec.csharp:
  - uid: Vintagestory.API.Util.ObjectHandleExtensions.ToGcHandle(System.Object)
    name: ToGcHandle
    href: Vintagestory.API.Util.ObjectHandleExtensions.html#Vintagestory_API_Util_ObjectHandleExtensions_ToGcHandle_System_Object_
  - name: (
  - uid: System.Object
    name: object
    isExternal: true
    href: https://learn.microsoft.com/dotnet/api/system.object
  - name: )
  spec.vb:
  - uid: Vintagestory.API.Util.ObjectHandleExtensions.ToGcHandle(System.Object)
    name: ToGcHandle
    href: Vintagestory.API.Util.ObjectHandleExtensions.html#Vintagestory_API_Util_ObjectHandleExtensions_ToGcHandle_System_Object_
  - name: (
  - uid: System.Object
    name: Object
    isExternal: true
    href: https://learn.microsoft.com/dotnet/api/system.object
  - name: )
- uid: Vintagestory.API.Util.ObjectHandleExtensions
  commentId: T:Vintagestory.API.Util.ObjectHandleExtensions
  parent: Vintagestory.API.Util
  href: Vintagestory.API.Util.ObjectHandleExtensions.html
  name: ObjectHandleExtensions
  nameWithType: ObjectHandleExtensions
  fullName: Vintagestory.API.Util.ObjectHandleExtensions
- uid: Vintagestory.API.Util.ObjectHandleExtensions.ToIntPtr(System.Object)
  commentId: M:Vintagestory.API.Util.ObjectHandleExtensions.ToIntPtr(System.Object)
  isExternal: true
  href: Vintagestory.API.Util.ObjectHandleExtensions.html#Vintagestory_API_Util_ObjectHandleExtensions_ToIntPtr_System_Object_
  name: ToIntPtr(object)
  nameWithType: ObjectHandleExtensions.ToIntPtr(object)
  fullName: Vintagestory.API.Util.ObjectHandleExtensions.ToIntPtr(object)
  nameWithType.vb: ObjectHandleExtensions.ToIntPtr(Object)
  fullName.vb: Vintagestory.API.Util.ObjectHandleExtensions.ToIntPtr(Object)
  name.vb: ToIntPtr(Object)
  spec.csharp:
  - uid: Vintagestory.API.Util.ObjectHandleExtensions.ToIntPtr(System.Object)
    name: ToIntPtr
    href: Vintagestory.API.Util.ObjectHandleExtensions.html#Vintagestory_API_Util_ObjectHandleExtensions_ToIntPtr_System_Object_
  - name: (
  - uid: System.Object
    name: object
    isExternal: true
    href: https://learn.microsoft.com/dotnet/api/system.object
  - name: )
  spec.vb:
  - uid: Vintagestory.API.Util.ObjectHandleExtensions.ToIntPtr(System.Object)
    name: ToIntPtr
    href: Vintagestory.API.Util.ObjectHandleExtensions.html#Vintagestory_API_Util_ObjectHandleExtensions_ToIntPtr_System_Object_
  - name: (
  - uid: System.Object
    name: Object
    isExternal: true
    href: https://learn.microsoft.com/dotnet/api/system.object
  - name: )
- uid: Vintagestory.API.Util
  commentId: N:Vintagestory.API.Util
  href: Vintagestory.html
  name: Vintagestory.API.Util
  nameWithType: Vintagestory.API.Util
  fullName: Vintagestory.API.Util
  spec.csharp:
  - uid: Vintagestory
    name: Vintagestory
    href: Vintagestory.html
  - name: .
  - uid: Vintagestory.API
    name: API
    href: Vintagestory.API.html
  - name: .
  - uid: Vintagestory.API.Util
    name: Util
    href: Vintagestory.API.Util.html
  spec.vb:
  - uid: Vintagestory
    name: Vintagestory
    href: Vintagestory.html
  - name: .
  - uid: Vintagestory.API
    name: API
    href: Vintagestory.API.html
  - name: .
  - uid: Vintagestory.API.Util
    name: Util
    href: Vintagestory.API.Util.html
- uid: CompactExifLib.ImageFileBlock
  commentId: T:CompactExifLib.ImageFileBlock
  parent: CompactExifLib
  href: CompactExifLib.ImageFileBlock.html
  name: ImageFileBlock
  nameWithType: ImageFileBlock
  fullName: CompactExifLib.ImageFileBlock
