### YamlMime:ManagedReference
items:
- uid: Vintagestory.API.Common.EnumFreeMovAxisLock
  commentId: T:Vintagestory.API.Common.EnumFreeMovAxisLock
  id: EnumFreeMovAxisLock
  parent: Vintagestory.API.Common
  children:
  - Vintagestory.API.Common.EnumFreeMovAxisLock.None
  - Vintagestory.API.Common.EnumFreeMovAxisLock.X
  - Vintagestory.API.Common.EnumFreeMovAxisLock.Y
  - Vintagestory.API.Common.EnumFreeMovAxisLock.Z
  langs:
  - csharp
  - vb
  name: EnumFreeMovAxisLock
  nameWithType: EnumFreeMovAxisLock
  fullName: Vintagestory.API.Common.EnumFreeMovAxisLock
  type: Enum
  source:
    remote:
      path: VintagestoryApi/Common/Controls/EnumLockFlyPlaneMode.cs
      branch: d6806ed2527579840d2aaf86b17f0c5078d743b1
      repo: https://gitlab-ci-token:64_N9Sxr9MX2YqsptD_Zy3q@git.striver.net/vintagecraft/game.git
    id: EnumFreeMovAxisLock
    path: Common/Controls/EnumLockFlyPlaneMode.cs
    startLine: 2
  assemblies:
  - VintagestoryAPI
  namespace: Vintagestory.API.Common
  syntax:
    content: public enum EnumFreeMovAxisLock
    content.vb: Public Enum EnumFreeMovAxisLock
- uid: Vintagestory.API.Common.EnumFreeMovAxisLock.None
  commentId: F:Vintagestory.API.Common.EnumFreeMovAxisLock.None
  id: None
  parent: Vintagestory.API.Common.EnumFreeMovAxisLock
  langs:
  - csharp
  - vb
  name: None
  nameWithType: EnumFreeMovAxisLock.None
  fullName: Vintagestory.API.Common.EnumFreeMovAxisLock.None
  type: Field
  source:
    remote:
      path: VintagestoryApi/Common/Controls/EnumLockFlyPlaneMode.cs
      branch: d6806ed2527579840d2aaf86b17f0c5078d743b1
      repo: https://gitlab-ci-token:64_N9Sxr9MX2YqsptD_Zy3q@git.striver.net/vintagecraft/game.git
    id: None
    path: Common/Controls/EnumLockFlyPlaneMode.cs
    startLine: 4
  assemblies:
  - VintagestoryAPI
  namespace: Vintagestory.API.Common
  syntax:
    content: None = 0
    return:
      type: Vintagestory.API.Common.EnumFreeMovAxisLock
- uid: Vintagestory.API.Common.EnumFreeMovAxisLock.X
  commentId: F:Vintagestory.API.Common.EnumFreeMovAxisLock.X
  id: X
  parent: Vintagestory.API.Common.EnumFreeMovAxisLock
  langs:
  - csharp
  - vb
  name: X
  nameWithType: EnumFreeMovAxisLock.X
  fullName: Vintagestory.API.Common.EnumFreeMovAxisLock.X
  type: Field
  source:
    remote:
      path: VintagestoryApi/Common/Controls/EnumLockFlyPlaneMode.cs
      branch: d6806ed2527579840d2aaf86b17f0c5078d743b1
      repo: https://gitlab-ci-token:64_N9Sxr9MX2YqsptD_Zy3q@git.striver.net/vintagecraft/game.git
    id: X
    path: Common/Controls/EnumLockFlyPlaneMode.cs
    startLine: 5
  assemblies:
  - VintagestoryAPI
  namespace: Vintagestory.API.Common
  syntax:
    content: X = 1
    return:
      type: Vintagestory.API.Common.EnumFreeMovAxisLock
- uid: Vintagestory.API.Common.EnumFreeMovAxisLock.Y
  commentId: F:Vintagestory.API.Common.EnumFreeMovAxisLock.Y
  id: Y
  parent: Vintagestory.API.Common.EnumFreeMovAxisLock
  langs:
  - csharp
  - vb
  name: Y
  nameWithType: EnumFreeMovAxisLock.Y
  fullName: Vintagestory.API.Common.EnumFreeMovAxisLock.Y
  type: Field
  source:
    remote:
      path: VintagestoryApi/Common/Controls/EnumLockFlyPlaneMode.cs
      branch: d6806ed2527579840d2aaf86b17f0c5078d743b1
      repo: https://gitlab-ci-token:64_N9Sxr9MX2YqsptD_Zy3q@git.striver.net/vintagecraft/game.git
    id: Y
    path: Common/Controls/EnumLockFlyPlaneMode.cs
    startLine: 6
  assemblies:
  - VintagestoryAPI
  namespace: Vintagestory.API.Common
  syntax:
    content: Y = 2
    return:
      type: Vintagestory.API.Common.EnumFreeMovAxisLock
- uid: Vintagestory.API.Common.EnumFreeMovAxisLock.Z
  commentId: F:Vintagestory.API.Common.EnumFreeMovAxisLock.Z
  id: Z
  parent: Vintagestory.API.Common.EnumFreeMovAxisLock
  langs:
  - csharp
  - vb
  name: Z
  nameWithType: EnumFreeMovAxisLock.Z
  fullName: Vintagestory.API.Common.EnumFreeMovAxisLock.Z
  type: Field
  source:
    remote:
      path: VintagestoryApi/Common/Controls/EnumLockFlyPlaneMode.cs
      branch: d6806ed2527579840d2aaf86b17f0c5078d743b1
      repo: https://gitlab-ci-token:64_N9Sxr9MX2YqsptD_Zy3q@git.striver.net/vintagecraft/game.git
    id: Z
    path: Common/Controls/EnumLockFlyPlaneMode.cs
    startLine: 7
  assemblies:
  - VintagestoryAPI
  namespace: Vintagestory.API.Common
  syntax:
    content: Z = 3
    return:
      type: Vintagestory.API.Common.EnumFreeMovAxisLock
references:
- uid: Vintagestory.API.Common
  commentId: N:Vintagestory.API.Common
  href: Vintagestory.html
  name: Vintagestory.API.Common
  nameWithType: Vintagestory.API.Common
  fullName: Vintagestory.API.Common
  spec.csharp:
  - uid: Vintagestory
    name: Vintagestory
    href: Vintagestory.html
  - name: .
  - uid: Vintagestory.API
    name: API
    href: Vintagestory.API.html
  - name: .
  - uid: Vintagestory.API.Common
    name: Common
    href: Vintagestory.API.Common.html
  spec.vb:
  - uid: Vintagestory
    name: Vintagestory
    href: Vintagestory.html
  - name: .
  - uid: Vintagestory.API
    name: API
    href: Vintagestory.API.html
  - name: .
  - uid: Vintagestory.API.Common
    name: Common
    href: Vintagestory.API.Common.html
- uid: Vintagestory.API.Common.EnumFreeMovAxisLock
  commentId: T:Vintagestory.API.Common.EnumFreeMovAxisLock
  parent: Vintagestory.API.Common
  href: Vintagestory.API.Common.EnumFreeMovAxisLock.html
  name: EnumFreeMovAxisLock
  nameWithType: EnumFreeMovAxisLock
  fullName: Vintagestory.API.Common.EnumFreeMovAxisLock
