### YamlMime:ManagedReference
items:
- uid: Vintagestory.Common.Collectible.Block
  commentId: N:Vintagestory.Common.Collectible.Block
  id: Vintagestory.Common.Collectible.Block
  children:
  - Vintagestory.Common.Collectible.Block.BlockPosFacing
  langs:
  - csharp
  - vb
  name: Vintagestory.Common.Collectible.Block
  nameWithType: Vintagestory.Common.Collectible.Block
  fullName: Vintagestory.Common.Collectible.Block
  type: Namespace
  assemblies:
  - VintagestoryAPI
references:
- uid: Vintagestory.Common.Collectible.Block.BlockPosFacing
  commentId: T:Vintagestory.Common.Collectible.Block.BlockPosFacing
  href: Vintagestory.Common.Collectible.Block.BlockPosFacing.html
  name: BlockPosFacing
  nameWithType: BlockPosFacing
  fullName: Vintagestory.Common.Collectible.Block.BlockPosFacing
